
Microsoft Visual Studio Solution File, Format Version 12.00
# Visual Studio 15
VisualStudioVersion = 15.0.26606.0
MinimumVisualStudioVersion = 10.0.40219.1
Project("{2150E333-8FDC-42A3-9474-1A3956D46DE8}") = "src", "src", "{1D6EC164-7C38-489A-85C3-8D339DDC3020}"
EndProject
Project("{2150E333-8FDC-42A3-9474-1A3956D46DE8}") = "Solution Items", "Solution Items", "{F9E5253D-8DEF-4F49-B1B0-19AE7A7E9066}"
	ProjectSection(SolutionItems) = preProject
		README.md = README.md
	EndProjectSection
EndProject
Project("{2150E333-8FDC-42A3-9474-1A3956D46DE8}") = "test", "test", "{216CFA79-7927-438A-B474-6EE1825E65A8}"
EndProject
Project("{9A19103F-16F7-4668-BE54-9A1E7A4F7556}") = "Leoxia.Log", "src\Leoxia.Log\Leoxia.Log.csproj", "{FBB88F54-10C1-4BFA-A722-42844AC78781}"
EndProject
Project("{2150E333-8FDC-42A3-9474-1A3956D46DE8}") = "Logging", "Logging", "{01CEAD1E-2018-4DA1-B878-9040031E7AE1}"
EndProject
Project("{2150E333-8FDC-42A3-9474-1A3956D46DE8}") = "Logging", "Logging", "{A6F10A1E-3676-4865-98C7-32EF738B44B8}"
EndProject
Project("{2150E333-8FDC-42A3-9474-1A3956D46DE8}") = "Reflection", "Reflection", "{23E1DB9F-7E4D-4E5E-8F5A-67D2993151D6}"
EndProject
Project("{9A19103F-16F7-4668-BE54-9A1E7A4F7556}") = "Leoxia.Reflection", "src\Leoxia.Reflection\Leoxia.Reflection.csproj", "{B9AD5FDE-73E1-4C70-AE0B-EF7CB9A5B077}"
EndProject
Project("{2150E333-8FDC-42A3-9474-1A3956D46DE8}") = "Threading", "Threading", "{C6B6EA31-1C4D-4674-8385-EFCFA53B06FD}"
EndProject
Project("{9A19103F-16F7-4668-BE54-9A1E7A4F7556}") = "Leoxia.Threading", "src\Leoxia.Threading\Leoxia.Threading.csproj", "{E463A6AB-8702-440F-98F3-652DBC279CB7}"
EndProject
Project("{2150E333-8FDC-42A3-9474-1A3956D46DE8}") = "Testing", "Testing", "{7B07B52F-2121-4B7F-9669-29D86825C046}"
EndProject
Project("{2150E333-8FDC-42A3-9474-1A3956D46DE8}") = "Network", "Network", "{31DE622B-008E-4365-A998-36BFB1C62777}"
EndProject
Project("{2150E333-8FDC-42A3-9474-1A3956D46DE8}") = "Testing", "Testing", "{5A86163F-8434-4409-8790-8433E3C77CB0}"
EndProject
Project("{9A19103F-16F7-4668-BE54-9A1E7A4F7556}") = "Leoxia.Testing.Test", "test\Leoxia.Testing.Test\Leoxia.Testing.Test.csproj", "{DA978C09-9FDD-4B52-94D7-68F908F54A58}"
EndProject
Project("{2150E333-8FDC-42A3-9474-1A3956D46DE8}") = "Process", "Process", "{A18C4E15-B91F-4321-84E3-FF195C824AAA}"
EndProject
Project("{9A19103F-16F7-4668-BE54-9A1E7A4F7556}") = "Leoxia.Diagnostics.Process", "src\Leoxia.Diagnostics.Process\Leoxia.Diagnostics.Process.csproj", "{0B9C8C9C-6A4E-4631-8EDE-D97EEE04815C}"
EndProject
Project("{9A19103F-16F7-4668-BE54-9A1E7A4F7556}") = "Leoxia.Network", "src\Leoxia.Network\Leoxia.Network.csproj", "{4D196715-754B-40F6-955B-B53C05379938}"
EndProject
Project("{2150E333-8FDC-42A3-9474-1A3956D46DE8}") = "Extensions", "Extensions", "{59F8DC96-780F-4321-964B-DF436C25DD02}"
EndProject
Project("{2150E333-8FDC-42A3-9474-1A3956D46DE8}") = "Extensions", "Extensions", "{F8C084E5-E1F7-47CA-8F74-B3350051400F}"
EndProject
Project("{9A19103F-16F7-4668-BE54-9A1E7A4F7556}") = "Leoxia.Text.Extensions", "src\Leoxia.Text.Extensions\Leoxia.Text.Extensions.csproj", "{AFD311E0-9C13-4BC1-8083-21911B34059A}"
EndProject
Project("{9A19103F-16F7-4668-BE54-9A1E7A4F7556}") = "Leoxia.Text.Extensions.Test", "test\Leoxia.Text.Extensions.Test\Leoxia.Text.Extensions.Test.csproj", "{02866799-0584-44A5-A04C-803CB03ACA8E}"
EndProject
Project("{2150E333-8FDC-42A3-9474-1A3956D46DE8}") = "Consts", "Consts", "{A7698823-7973-4799-BFE0-BDE6CAB611F3}"
EndProject
Project("{2150E333-8FDC-42A3-9474-1A3956D46DE8}") = "Reflection", "Reflection", "{4519424F-4E49-4C05-BEC0-DBFB31908E5A}"
EndProject
Project("{2150E333-8FDC-42A3-9474-1A3956D46DE8}") = "Collections", "Collections", "{0B91EF3F-077E-44F9-B93E-A29A3F04AD49}"
EndProject
Project("{9A19103F-16F7-4668-BE54-9A1E7A4F7556}") = "Leoxia.Reflection.Test", "test\Leoxia.Reflection.Test\Leoxia.Reflection.Test.csproj", "{BD16A604-8A2A-4A17-8206-3FDF441DCA89}"
EndProject
Project("{9A19103F-16F7-4668-BE54-9A1E7A4F7556}") = "Leoxia.Collections", "src\Leoxia.Collections\Leoxia.Collections.csproj", "{BEC86378-9B5C-424F-9E2B-293F5011A67F}"
EndProject
Project("{9A19103F-16F7-4668-BE54-9A1E7A4F7556}") = "Leoxia.Graphs", "src\Leoxia.Graphs\Leoxia.Graphs.csproj", "{3C8A635C-CC60-4014-8DC3-231904D372B6}"
EndProject
Project("{9A19103F-16F7-4668-BE54-9A1E7A4F7556}") = "Leoxia.Graphs.Test", "test\Leoxia.Graphs.Test\Leoxia.Graphs.Test.csproj", "{BE9221A9-A448-42B0-8D19-1416892134FF}"
EndProject
Project("{2150E333-8FDC-42A3-9474-1A3956D46DE8}") = "Configuration", "Configuration", "{A4DFFB82-B736-4EF3-8127-ACA85780A3E3}"
EndProject
Project("{9A19103F-16F7-4668-BE54-9A1E7A4F7556}") = "Leoxia.Configuration", "src\Leoxia.Configuration\Leoxia.Configuration.csproj", "{F003CAE1-6EC6-4E27-AFD2-9604954DCB1E}"
EndProject
Project("{2150E333-8FDC-42A3-9474-1A3956D46DE8}") = "Configuration", "Configuration", "{0A3F51ED-9BC4-4F04-88CA-31B25BE968A9}"
EndProject
Project("{9A19103F-16F7-4668-BE54-9A1E7A4F7556}") = "Leoxia.Configuration.Test", "test\Leoxia.Configuration.Test\Leoxia.Configuration.Test.csproj", "{581BC1BD-D906-4D2B-8583-B4F7078DE436}"
EndProject
Project("{2150E333-8FDC-42A3-9474-1A3956D46DE8}") = "Security", "Security", "{9FFA8780-1FE3-4B26-98D6-78133B3A84D4}"
EndProject
Project("{2150E333-8FDC-42A3-9474-1A3956D46DE8}") = "Security", "Security", "{12F520BB-16EE-43CD-89B5-0B676D4BA560}"
EndProject
Project("{9A19103F-16F7-4668-BE54-9A1E7A4F7556}") = "Leoxia.Security.Test", "test\Leoxia.Security.Test\Leoxia.Security.Test.csproj", "{2FCC3163-EB56-43D4-8DE8-30B90082023C}"
EndProject
Project("{9A19103F-16F7-4668-BE54-9A1E7A4F7556}") = "Leoxia.Security", "src\Leoxia.Security\Leoxia.Security.csproj", "{12B721CD-4A7E-44F1-840F-3512AF793230}"
EndProject
Project("{2150E333-8FDC-42A3-9474-1A3956D46DE8}") = "IO", "IO", "{A4C080B4-8882-44ED-9EED-F76D20BA039F}"
EndProject
Project("{9A19103F-16F7-4668-BE54-9A1E7A4F7556}") = "Leoxia.IO", "src\Leoxia.IO\Leoxia.IO.csproj", "{B85AD30B-89E1-4110-9157-615C6F6BEE73}"
EndProject
Project("{2150E333-8FDC-42A3-9474-1A3956D46DE8}") = "IO", "IO", "{F627A1BA-E65E-42B4-AB55-A05A1F26F96F}"
EndProject
Project("{9A19103F-16F7-4668-BE54-9A1E7A4F7556}") = "Leoxia.IO.Test", "test\Leoxia.IO.Test\Leoxia.IO.Test.csproj", "{66040B9A-F360-4DBD-97DE-365F463FB2DD}"
EndProject
Project("{2150E333-8FDC-42A3-9474-1A3956D46DE8}") = "Serialization", "Serialization", "{F16F1C00-BDB7-4B66-AB90-B65309DC6B28}"
EndProject
Project("{9A19103F-16F7-4668-BE54-9A1E7A4F7556}") = "Leoxia.Serialization.Json", "src\Leoxia.Serialization.Json\Leoxia.Serialization.Json.csproj", "{2320E611-9855-4B7E-B996-C9C8CEED069D}"
EndProject
Project("{2150E333-8FDC-42A3-9474-1A3956D46DE8}") = "Network", "Network", "{F76CEB42-2F90-46B5-9695-AD7B0080D49A}"
EndProject
Project("{9A19103F-16F7-4668-BE54-9A1E7A4F7556}") = "Leoxia.Network.Test", "test\Leoxia.Network.Test\Leoxia.Network.Test.csproj", "{DBCC989E-FD12-4E2F-A320-84372475F2DF}"
EndProject
Project("{2150E333-8FDC-42A3-9474-1A3956D46DE8}") = "Threading", "Threading", "{FA1540A0-628A-4625-83D8-042F697B5B3B}"
EndProject
Project("{9A19103F-16F7-4668-BE54-9A1E7A4F7556}") = "Leoxia.Threading.Test", "test\Leoxia.Threading.Test\Leoxia.Threading.Test.csproj", "{0C870753-60C9-493E-B858-745FB074942A}"
EndProject
Project("{2150E333-8FDC-42A3-9474-1A3956D46DE8}") = "Collections", "Collections", "{51E3102B-64FC-46E8-8B92-9B7F090C1CCA}"
EndProject
Project("{9A19103F-16F7-4668-BE54-9A1E7A4F7556}") = "Leoxia.Log.Tests", "test\Leoxia.Log.Tests\Leoxia.Log.Tests.csproj", "{EA597267-5F4E-427E-87D1-4FF80A2F48A8}"
EndProject
Project("{9A19103F-16F7-4668-BE54-9A1E7A4F7556}") = "Leoxia.Common", "src\Leoxia.Common\Leoxia.Common.csproj", "{56DB2940-7BBB-4B10-84FD-A78A6EE9C8C7}"
EndProject
Project("{9A19103F-16F7-4668-BE54-9A1E7A4F7556}") = "Leoxia.Collections.Concurrent", "src\Leoxia.Collections.Concurrent\Leoxia.Collections.Concurrent.csproj", "{9B836CA6-1DCC-4476-96FF-D4EB04D9D463}"
EndProject
Project("{9A19103F-16F7-4668-BE54-9A1E7A4F7556}") = "Leoxia.Collections.Concurrent.Test", "test\Leoxia.Collections.Concurrent.Test\Leoxia.Collections.Concurrent.Test.csproj", "{8C6CF8E4-1A5A-4AC3-8B61-9B4D5B361BF5}"
EndProject
Project("{9A19103F-16F7-4668-BE54-9A1E7A4F7556}") = "Leoxia.Collections.Test", "test\Leoxia.Collections.Test\Leoxia.Collections.Test.csproj", "{DF36157A-0ADE-46A7-93A5-31A0638B0E13}"
EndProject
Project("{9A19103F-16F7-4668-BE54-9A1E7A4F7556}") = "Leoxia.Testing.Assertions", "src\Leoxia.Testing.Assertions\Leoxia.Testing.Assertions.csproj", "{7DD4F8A0-4BB7-4083-BA8B-86A81AE32072}"
EndProject
Project("{9A19103F-16F7-4668-BE54-9A1E7A4F7556}") = "Leoxia.Testing.Mocks", "src\Leoxia.Testing.Mocks\Leoxia.Testing.Mocks.csproj", "{8EEBFFF0-E974-46C9-9E3D-0547AA7ACF95}"
EndProject
Project("{9A19103F-16F7-4668-BE54-9A1E7A4F7556}") = "Leoxia.Testing.Checkers", "src\Leoxia.Testing.Checkers\Leoxia.Testing.Checkers.csproj", "{1D8FD321-CB6C-4870-A0A7-1D432BACFA70}"
EndProject
Project("{9A19103F-16F7-4668-BE54-9A1E7A4F7556}") = "Leoxia.Testing.Reflection", "src\Leoxia.Testing.Reflection\Leoxia.Testing.Reflection.csproj", "{EEB440D9-286D-4E2A-B339-6F8EAF094BBD}"
EndProject
Global
	GlobalSection(SolutionConfigurationPlatforms) = preSolution
		Debug|Any CPU = Debug|Any CPU
		Debug|ARM = Debug|ARM
		Debug|x64 = Debug|x64
		Debug|x86 = Debug|x86
		Release|Any CPU = Release|Any CPU
		Release|ARM = Release|ARM
		Release|x64 = Release|x64
		Release|x86 = Release|x86
	EndGlobalSection
	GlobalSection(ProjectConfigurationPlatforms) = postSolution
		{FBB88F54-10C1-4BFA-A722-42844AC78781}.Debug|Any CPU.ActiveCfg = Debug|Any CPU
		{FBB88F54-10C1-4BFA-A722-42844AC78781}.Debug|Any CPU.Build.0 = Debug|Any CPU
		{FBB88F54-10C1-4BFA-A722-42844AC78781}.Debug|ARM.ActiveCfg = Debug|Any CPU
		{FBB88F54-10C1-4BFA-A722-42844AC78781}.Debug|ARM.Build.0 = Debug|Any CPU
		{FBB88F54-10C1-4BFA-A722-42844AC78781}.Debug|x64.ActiveCfg = Debug|Any CPU
		{FBB88F54-10C1-4BFA-A722-42844AC78781}.Debug|x64.Build.0 = Debug|Any CPU
		{FBB88F54-10C1-4BFA-A722-42844AC78781}.Debug|x86.ActiveCfg = Debug|Any CPU
		{FBB88F54-10C1-4BFA-A722-42844AC78781}.Debug|x86.Build.0 = Debug|Any CPU
		{FBB88F54-10C1-4BFA-A722-42844AC78781}.Release|Any CPU.ActiveCfg = Release|Any CPU
		{FBB88F54-10C1-4BFA-A722-42844AC78781}.Release|Any CPU.Build.0 = Release|Any CPU
		{FBB88F54-10C1-4BFA-A722-42844AC78781}.Release|ARM.ActiveCfg = Release|Any CPU
		{FBB88F54-10C1-4BFA-A722-42844AC78781}.Release|ARM.Build.0 = Release|Any CPU
		{FBB88F54-10C1-4BFA-A722-42844AC78781}.Release|x64.ActiveCfg = Release|Any CPU
		{FBB88F54-10C1-4BFA-A722-42844AC78781}.Release|x64.Build.0 = Release|Any CPU
		{FBB88F54-10C1-4BFA-A722-42844AC78781}.Release|x86.ActiveCfg = Release|Any CPU
		{FBB88F54-10C1-4BFA-A722-42844AC78781}.Release|x86.Build.0 = Release|Any CPU
		{B9AD5FDE-73E1-4C70-AE0B-EF7CB9A5B077}.Debug|Any CPU.ActiveCfg = Debug|Any CPU
		{B9AD5FDE-73E1-4C70-AE0B-EF7CB9A5B077}.Debug|Any CPU.Build.0 = Debug|Any CPU
		{B9AD5FDE-73E1-4C70-AE0B-EF7CB9A5B077}.Debug|ARM.ActiveCfg = Debug|Any CPU
		{B9AD5FDE-73E1-4C70-AE0B-EF7CB9A5B077}.Debug|ARM.Build.0 = Debug|Any CPU
		{B9AD5FDE-73E1-4C70-AE0B-EF7CB9A5B077}.Debug|x64.ActiveCfg = Debug|Any CPU
		{B9AD5FDE-73E1-4C70-AE0B-EF7CB9A5B077}.Debug|x64.Build.0 = Debug|Any CPU
		{B9AD5FDE-73E1-4C70-AE0B-EF7CB9A5B077}.Debug|x86.ActiveCfg = Debug|Any CPU
		{B9AD5FDE-73E1-4C70-AE0B-EF7CB9A5B077}.Debug|x86.Build.0 = Debug|Any CPU
		{B9AD5FDE-73E1-4C70-AE0B-EF7CB9A5B077}.Release|Any CPU.ActiveCfg = Release|Any CPU
		{B9AD5FDE-73E1-4C70-AE0B-EF7CB9A5B077}.Release|Any CPU.Build.0 = Release|Any CPU
		{B9AD5FDE-73E1-4C70-AE0B-EF7CB9A5B077}.Release|ARM.ActiveCfg = Release|Any CPU
		{B9AD5FDE-73E1-4C70-AE0B-EF7CB9A5B077}.Release|ARM.Build.0 = Release|Any CPU
		{B9AD5FDE-73E1-4C70-AE0B-EF7CB9A5B077}.Release|x64.ActiveCfg = Release|Any CPU
		{B9AD5FDE-73E1-4C70-AE0B-EF7CB9A5B077}.Release|x64.Build.0 = Release|Any CPU
		{B9AD5FDE-73E1-4C70-AE0B-EF7CB9A5B077}.Release|x86.ActiveCfg = Release|Any CPU
		{B9AD5FDE-73E1-4C70-AE0B-EF7CB9A5B077}.Release|x86.Build.0 = Release|Any CPU
		{E463A6AB-8702-440F-98F3-652DBC279CB7}.Debug|Any CPU.ActiveCfg = Debug|Any CPU
		{E463A6AB-8702-440F-98F3-652DBC279CB7}.Debug|Any CPU.Build.0 = Debug|Any CPU
		{E463A6AB-8702-440F-98F3-652DBC279CB7}.Debug|ARM.ActiveCfg = Debug|Any CPU
		{E463A6AB-8702-440F-98F3-652DBC279CB7}.Debug|ARM.Build.0 = Debug|Any CPU
		{E463A6AB-8702-440F-98F3-652DBC279CB7}.Debug|x64.ActiveCfg = Debug|Any CPU
		{E463A6AB-8702-440F-98F3-652DBC279CB7}.Debug|x64.Build.0 = Debug|Any CPU
		{E463A6AB-8702-440F-98F3-652DBC279CB7}.Debug|x86.ActiveCfg = Debug|Any CPU
		{E463A6AB-8702-440F-98F3-652DBC279CB7}.Debug|x86.Build.0 = Debug|Any CPU
		{E463A6AB-8702-440F-98F3-652DBC279CB7}.Release|Any CPU.ActiveCfg = Release|Any CPU
		{E463A6AB-8702-440F-98F3-652DBC279CB7}.Release|Any CPU.Build.0 = Release|Any CPU
		{E463A6AB-8702-440F-98F3-652DBC279CB7}.Release|ARM.ActiveCfg = Release|Any CPU
		{E463A6AB-8702-440F-98F3-652DBC279CB7}.Release|ARM.Build.0 = Release|Any CPU
		{E463A6AB-8702-440F-98F3-652DBC279CB7}.Release|x64.ActiveCfg = Release|Any CPU
		{E463A6AB-8702-440F-98F3-652DBC279CB7}.Release|x64.Build.0 = Release|Any CPU
		{E463A6AB-8702-440F-98F3-652DBC279CB7}.Release|x86.ActiveCfg = Release|Any CPU
		{E463A6AB-8702-440F-98F3-652DBC279CB7}.Release|x86.Build.0 = Release|Any CPU
		{DA978C09-9FDD-4B52-94D7-68F908F54A58}.Debug|Any CPU.ActiveCfg = Debug|Any CPU
		{DA978C09-9FDD-4B52-94D7-68F908F54A58}.Debug|Any CPU.Build.0 = Debug|Any CPU
		{DA978C09-9FDD-4B52-94D7-68F908F54A58}.Debug|ARM.ActiveCfg = Debug|Any CPU
		{DA978C09-9FDD-4B52-94D7-68F908F54A58}.Debug|ARM.Build.0 = Debug|Any CPU
		{DA978C09-9FDD-4B52-94D7-68F908F54A58}.Debug|x64.ActiveCfg = Debug|Any CPU
		{DA978C09-9FDD-4B52-94D7-68F908F54A58}.Debug|x64.Build.0 = Debug|Any CPU
		{DA978C09-9FDD-4B52-94D7-68F908F54A58}.Debug|x86.ActiveCfg = Debug|Any CPU
		{DA978C09-9FDD-4B52-94D7-68F908F54A58}.Debug|x86.Build.0 = Debug|Any CPU
		{DA978C09-9FDD-4B52-94D7-68F908F54A58}.Release|Any CPU.ActiveCfg = Release|Any CPU
		{DA978C09-9FDD-4B52-94D7-68F908F54A58}.Release|Any CPU.Build.0 = Release|Any CPU
		{DA978C09-9FDD-4B52-94D7-68F908F54A58}.Release|ARM.ActiveCfg = Release|Any CPU
		{DA978C09-9FDD-4B52-94D7-68F908F54A58}.Release|ARM.Build.0 = Release|Any CPU
		{DA978C09-9FDD-4B52-94D7-68F908F54A58}.Release|x64.ActiveCfg = Release|Any CPU
		{DA978C09-9FDD-4B52-94D7-68F908F54A58}.Release|x64.Build.0 = Release|Any CPU
		{DA978C09-9FDD-4B52-94D7-68F908F54A58}.Release|x86.ActiveCfg = Release|Any CPU
		{DA978C09-9FDD-4B52-94D7-68F908F54A58}.Release|x86.Build.0 = Release|Any CPU
		{0B9C8C9C-6A4E-4631-8EDE-D97EEE04815C}.Debug|Any CPU.ActiveCfg = Debug|Any CPU
		{0B9C8C9C-6A4E-4631-8EDE-D97EEE04815C}.Debug|Any CPU.Build.0 = Debug|Any CPU
		{0B9C8C9C-6A4E-4631-8EDE-D97EEE04815C}.Debug|ARM.ActiveCfg = Debug|Any CPU
		{0B9C8C9C-6A4E-4631-8EDE-D97EEE04815C}.Debug|ARM.Build.0 = Debug|Any CPU
		{0B9C8C9C-6A4E-4631-8EDE-D97EEE04815C}.Debug|x64.ActiveCfg = Debug|Any CPU
		{0B9C8C9C-6A4E-4631-8EDE-D97EEE04815C}.Debug|x64.Build.0 = Debug|Any CPU
		{0B9C8C9C-6A4E-4631-8EDE-D97EEE04815C}.Debug|x86.ActiveCfg = Debug|Any CPU
		{0B9C8C9C-6A4E-4631-8EDE-D97EEE04815C}.Debug|x86.Build.0 = Debug|Any CPU
		{0B9C8C9C-6A4E-4631-8EDE-D97EEE04815C}.Release|Any CPU.ActiveCfg = Release|Any CPU
		{0B9C8C9C-6A4E-4631-8EDE-D97EEE04815C}.Release|Any CPU.Build.0 = Release|Any CPU
		{0B9C8C9C-6A4E-4631-8EDE-D97EEE04815C}.Release|ARM.ActiveCfg = Release|Any CPU
		{0B9C8C9C-6A4E-4631-8EDE-D97EEE04815C}.Release|ARM.Build.0 = Release|Any CPU
		{0B9C8C9C-6A4E-4631-8EDE-D97EEE04815C}.Release|x64.ActiveCfg = Release|Any CPU
		{0B9C8C9C-6A4E-4631-8EDE-D97EEE04815C}.Release|x64.Build.0 = Release|Any CPU
		{0B9C8C9C-6A4E-4631-8EDE-D97EEE04815C}.Release|x86.ActiveCfg = Release|Any CPU
		{0B9C8C9C-6A4E-4631-8EDE-D97EEE04815C}.Release|x86.Build.0 = Release|Any CPU
		{4D196715-754B-40F6-955B-B53C05379938}.Debug|Any CPU.ActiveCfg = Debug|Any CPU
		{4D196715-754B-40F6-955B-B53C05379938}.Debug|Any CPU.Build.0 = Debug|Any CPU
		{4D196715-754B-40F6-955B-B53C05379938}.Debug|ARM.ActiveCfg = Debug|Any CPU
		{4D196715-754B-40F6-955B-B53C05379938}.Debug|ARM.Build.0 = Debug|Any CPU
		{4D196715-754B-40F6-955B-B53C05379938}.Debug|x64.ActiveCfg = Debug|Any CPU
		{4D196715-754B-40F6-955B-B53C05379938}.Debug|x64.Build.0 = Debug|Any CPU
		{4D196715-754B-40F6-955B-B53C05379938}.Debug|x86.ActiveCfg = Debug|Any CPU
		{4D196715-754B-40F6-955B-B53C05379938}.Debug|x86.Build.0 = Debug|Any CPU
		{4D196715-754B-40F6-955B-B53C05379938}.Release|Any CPU.ActiveCfg = Release|Any CPU
		{4D196715-754B-40F6-955B-B53C05379938}.Release|Any CPU.Build.0 = Release|Any CPU
		{4D196715-754B-40F6-955B-B53C05379938}.Release|ARM.ActiveCfg = Release|Any CPU
		{4D196715-754B-40F6-955B-B53C05379938}.Release|ARM.Build.0 = Release|Any CPU
		{4D196715-754B-40F6-955B-B53C05379938}.Release|x64.ActiveCfg = Release|Any CPU
		{4D196715-754B-40F6-955B-B53C05379938}.Release|x64.Build.0 = Release|Any CPU
		{4D196715-754B-40F6-955B-B53C05379938}.Release|x86.ActiveCfg = Release|Any CPU
		{4D196715-754B-40F6-955B-B53C05379938}.Release|x86.Build.0 = Release|Any CPU
		{AFD311E0-9C13-4BC1-8083-21911B34059A}.Debug|Any CPU.ActiveCfg = Debug|Any CPU
		{AFD311E0-9C13-4BC1-8083-21911B34059A}.Debug|Any CPU.Build.0 = Debug|Any CPU
		{AFD311E0-9C13-4BC1-8083-21911B34059A}.Debug|ARM.ActiveCfg = Debug|Any CPU
		{AFD311E0-9C13-4BC1-8083-21911B34059A}.Debug|ARM.Build.0 = Debug|Any CPU
		{AFD311E0-9C13-4BC1-8083-21911B34059A}.Debug|x64.ActiveCfg = Debug|Any CPU
		{AFD311E0-9C13-4BC1-8083-21911B34059A}.Debug|x64.Build.0 = Debug|Any CPU
		{AFD311E0-9C13-4BC1-8083-21911B34059A}.Debug|x86.ActiveCfg = Debug|Any CPU
		{AFD311E0-9C13-4BC1-8083-21911B34059A}.Debug|x86.Build.0 = Debug|Any CPU
		{AFD311E0-9C13-4BC1-8083-21911B34059A}.Release|Any CPU.ActiveCfg = Release|Any CPU
		{AFD311E0-9C13-4BC1-8083-21911B34059A}.Release|Any CPU.Build.0 = Release|Any CPU
		{AFD311E0-9C13-4BC1-8083-21911B34059A}.Release|ARM.ActiveCfg = Release|Any CPU
		{AFD311E0-9C13-4BC1-8083-21911B34059A}.Release|ARM.Build.0 = Release|Any CPU
		{AFD311E0-9C13-4BC1-8083-21911B34059A}.Release|x64.ActiveCfg = Release|Any CPU
		{AFD311E0-9C13-4BC1-8083-21911B34059A}.Release|x64.Build.0 = Release|Any CPU
		{AFD311E0-9C13-4BC1-8083-21911B34059A}.Release|x86.ActiveCfg = Release|Any CPU
		{AFD311E0-9C13-4BC1-8083-21911B34059A}.Release|x86.Build.0 = Release|Any CPU
		{02866799-0584-44A5-A04C-803CB03ACA8E}.Debug|Any CPU.ActiveCfg = Debug|Any CPU
		{02866799-0584-44A5-A04C-803CB03ACA8E}.Debug|Any CPU.Build.0 = Debug|Any CPU
		{02866799-0584-44A5-A04C-803CB03ACA8E}.Debug|ARM.ActiveCfg = Debug|Any CPU
		{02866799-0584-44A5-A04C-803CB03ACA8E}.Debug|ARM.Build.0 = Debug|Any CPU
		{02866799-0584-44A5-A04C-803CB03ACA8E}.Debug|x64.ActiveCfg = Debug|Any CPU
		{02866799-0584-44A5-A04C-803CB03ACA8E}.Debug|x64.Build.0 = Debug|Any CPU
		{02866799-0584-44A5-A04C-803CB03ACA8E}.Debug|x86.ActiveCfg = Debug|Any CPU
		{02866799-0584-44A5-A04C-803CB03ACA8E}.Debug|x86.Build.0 = Debug|Any CPU
		{02866799-0584-44A5-A04C-803CB03ACA8E}.Release|Any CPU.ActiveCfg = Release|Any CPU
		{02866799-0584-44A5-A04C-803CB03ACA8E}.Release|Any CPU.Build.0 = Release|Any CPU
		{02866799-0584-44A5-A04C-803CB03ACA8E}.Release|ARM.ActiveCfg = Release|Any CPU
		{02866799-0584-44A5-A04C-803CB03ACA8E}.Release|ARM.Build.0 = Release|Any CPU
		{02866799-0584-44A5-A04C-803CB03ACA8E}.Release|x64.ActiveCfg = Release|Any CPU
		{02866799-0584-44A5-A04C-803CB03ACA8E}.Release|x64.Build.0 = Release|Any CPU
		{02866799-0584-44A5-A04C-803CB03ACA8E}.Release|x86.ActiveCfg = Release|Any CPU
		{02866799-0584-44A5-A04C-803CB03ACA8E}.Release|x86.Build.0 = Release|Any CPU
		{BD16A604-8A2A-4A17-8206-3FDF441DCA89}.Debug|Any CPU.ActiveCfg = Debug|Any CPU
		{BD16A604-8A2A-4A17-8206-3FDF441DCA89}.Debug|Any CPU.Build.0 = Debug|Any CPU
		{BD16A604-8A2A-4A17-8206-3FDF441DCA89}.Debug|ARM.ActiveCfg = Debug|Any CPU
		{BD16A604-8A2A-4A17-8206-3FDF441DCA89}.Debug|ARM.Build.0 = Debug|Any CPU
		{BD16A604-8A2A-4A17-8206-3FDF441DCA89}.Debug|x64.ActiveCfg = Debug|Any CPU
		{BD16A604-8A2A-4A17-8206-3FDF441DCA89}.Debug|x64.Build.0 = Debug|Any CPU
		{BD16A604-8A2A-4A17-8206-3FDF441DCA89}.Debug|x86.ActiveCfg = Debug|Any CPU
		{BD16A604-8A2A-4A17-8206-3FDF441DCA89}.Debug|x86.Build.0 = Debug|Any CPU
		{BD16A604-8A2A-4A17-8206-3FDF441DCA89}.Release|Any CPU.ActiveCfg = Release|Any CPU
		{BD16A604-8A2A-4A17-8206-3FDF441DCA89}.Release|Any CPU.Build.0 = Release|Any CPU
		{BD16A604-8A2A-4A17-8206-3FDF441DCA89}.Release|ARM.ActiveCfg = Release|Any CPU
		{BD16A604-8A2A-4A17-8206-3FDF441DCA89}.Release|ARM.Build.0 = Release|Any CPU
		{BD16A604-8A2A-4A17-8206-3FDF441DCA89}.Release|x64.ActiveCfg = Release|Any CPU
		{BD16A604-8A2A-4A17-8206-3FDF441DCA89}.Release|x64.Build.0 = Release|Any CPU
		{BD16A604-8A2A-4A17-8206-3FDF441DCA89}.Release|x86.ActiveCfg = Release|Any CPU
		{BD16A604-8A2A-4A17-8206-3FDF441DCA89}.Release|x86.Build.0 = Release|Any CPU
		{BEC86378-9B5C-424F-9E2B-293F5011A67F}.Debug|Any CPU.ActiveCfg = Debug|Any CPU
		{BEC86378-9B5C-424F-9E2B-293F5011A67F}.Debug|Any CPU.Build.0 = Debug|Any CPU
		{BEC86378-9B5C-424F-9E2B-293F5011A67F}.Debug|ARM.ActiveCfg = Debug|Any CPU
		{BEC86378-9B5C-424F-9E2B-293F5011A67F}.Debug|ARM.Build.0 = Debug|Any CPU
		{BEC86378-9B5C-424F-9E2B-293F5011A67F}.Debug|x64.ActiveCfg = Debug|Any CPU
		{BEC86378-9B5C-424F-9E2B-293F5011A67F}.Debug|x64.Build.0 = Debug|Any CPU
		{BEC86378-9B5C-424F-9E2B-293F5011A67F}.Debug|x86.ActiveCfg = Debug|Any CPU
		{BEC86378-9B5C-424F-9E2B-293F5011A67F}.Debug|x86.Build.0 = Debug|Any CPU
		{BEC86378-9B5C-424F-9E2B-293F5011A67F}.Release|Any CPU.ActiveCfg = Release|Any CPU
		{BEC86378-9B5C-424F-9E2B-293F5011A67F}.Release|Any CPU.Build.0 = Release|Any CPU
		{BEC86378-9B5C-424F-9E2B-293F5011A67F}.Release|ARM.ActiveCfg = Release|Any CPU
		{BEC86378-9B5C-424F-9E2B-293F5011A67F}.Release|ARM.Build.0 = Release|Any CPU
		{BEC86378-9B5C-424F-9E2B-293F5011A67F}.Release|x64.ActiveCfg = Release|Any CPU
		{BEC86378-9B5C-424F-9E2B-293F5011A67F}.Release|x64.Build.0 = Release|Any CPU
		{BEC86378-9B5C-424F-9E2B-293F5011A67F}.Release|x86.ActiveCfg = Release|Any CPU
		{BEC86378-9B5C-424F-9E2B-293F5011A67F}.Release|x86.Build.0 = Release|Any CPU
		{3C8A635C-CC60-4014-8DC3-231904D372B6}.Debug|Any CPU.ActiveCfg = Debug|Any CPU
		{3C8A635C-CC60-4014-8DC3-231904D372B6}.Debug|Any CPU.Build.0 = Debug|Any CPU
		{3C8A635C-CC60-4014-8DC3-231904D372B6}.Debug|ARM.ActiveCfg = Debug|Any CPU
		{3C8A635C-CC60-4014-8DC3-231904D372B6}.Debug|ARM.Build.0 = Debug|Any CPU
		{3C8A635C-CC60-4014-8DC3-231904D372B6}.Debug|x64.ActiveCfg = Debug|Any CPU
		{3C8A635C-CC60-4014-8DC3-231904D372B6}.Debug|x64.Build.0 = Debug|Any CPU
		{3C8A635C-CC60-4014-8DC3-231904D372B6}.Debug|x86.ActiveCfg = Debug|Any CPU
		{3C8A635C-CC60-4014-8DC3-231904D372B6}.Debug|x86.Build.0 = Debug|Any CPU
		{3C8A635C-CC60-4014-8DC3-231904D372B6}.Release|Any CPU.ActiveCfg = Release|Any CPU
		{3C8A635C-CC60-4014-8DC3-231904D372B6}.Release|Any CPU.Build.0 = Release|Any CPU
		{3C8A635C-CC60-4014-8DC3-231904D372B6}.Release|ARM.ActiveCfg = Release|Any CPU
		{3C8A635C-CC60-4014-8DC3-231904D372B6}.Release|ARM.Build.0 = Release|Any CPU
		{3C8A635C-CC60-4014-8DC3-231904D372B6}.Release|x64.ActiveCfg = Release|Any CPU
		{3C8A635C-CC60-4014-8DC3-231904D372B6}.Release|x64.Build.0 = Release|Any CPU
		{3C8A635C-CC60-4014-8DC3-231904D372B6}.Release|x86.ActiveCfg = Release|Any CPU
		{3C8A635C-CC60-4014-8DC3-231904D372B6}.Release|x86.Build.0 = Release|Any CPU
		{BE9221A9-A448-42B0-8D19-1416892134FF}.Debug|Any CPU.ActiveCfg = Debug|Any CPU
		{BE9221A9-A448-42B0-8D19-1416892134FF}.Debug|Any CPU.Build.0 = Debug|Any CPU
		{BE9221A9-A448-42B0-8D19-1416892134FF}.Debug|ARM.ActiveCfg = Debug|Any CPU
		{BE9221A9-A448-42B0-8D19-1416892134FF}.Debug|ARM.Build.0 = Debug|Any CPU
		{BE9221A9-A448-42B0-8D19-1416892134FF}.Debug|x64.ActiveCfg = Debug|Any CPU
		{BE9221A9-A448-42B0-8D19-1416892134FF}.Debug|x64.Build.0 = Debug|Any CPU
		{BE9221A9-A448-42B0-8D19-1416892134FF}.Debug|x86.ActiveCfg = Debug|Any CPU
		{BE9221A9-A448-42B0-8D19-1416892134FF}.Debug|x86.Build.0 = Debug|Any CPU
		{BE9221A9-A448-42B0-8D19-1416892134FF}.Release|Any CPU.ActiveCfg = Release|Any CPU
		{BE9221A9-A448-42B0-8D19-1416892134FF}.Release|Any CPU.Build.0 = Release|Any CPU
		{BE9221A9-A448-42B0-8D19-1416892134FF}.Release|ARM.ActiveCfg = Release|Any CPU
		{BE9221A9-A448-42B0-8D19-1416892134FF}.Release|ARM.Build.0 = Release|Any CPU
		{BE9221A9-A448-42B0-8D19-1416892134FF}.Release|x64.ActiveCfg = Release|Any CPU
		{BE9221A9-A448-42B0-8D19-1416892134FF}.Release|x64.Build.0 = Release|Any CPU
		{BE9221A9-A448-42B0-8D19-1416892134FF}.Release|x86.ActiveCfg = Release|Any CPU
		{BE9221A9-A448-42B0-8D19-1416892134FF}.Release|x86.Build.0 = Release|Any CPU
		{F003CAE1-6EC6-4E27-AFD2-9604954DCB1E}.Debug|Any CPU.ActiveCfg = Debug|Any CPU
		{F003CAE1-6EC6-4E27-AFD2-9604954DCB1E}.Debug|Any CPU.Build.0 = Debug|Any CPU
		{F003CAE1-6EC6-4E27-AFD2-9604954DCB1E}.Debug|ARM.ActiveCfg = Debug|Any CPU
		{F003CAE1-6EC6-4E27-AFD2-9604954DCB1E}.Debug|ARM.Build.0 = Debug|Any CPU
		{F003CAE1-6EC6-4E27-AFD2-9604954DCB1E}.Debug|x64.ActiveCfg = Debug|Any CPU
		{F003CAE1-6EC6-4E27-AFD2-9604954DCB1E}.Debug|x64.Build.0 = Debug|Any CPU
		{F003CAE1-6EC6-4E27-AFD2-9604954DCB1E}.Debug|x86.ActiveCfg = Debug|Any CPU
		{F003CAE1-6EC6-4E27-AFD2-9604954DCB1E}.Debug|x86.Build.0 = Debug|Any CPU
		{F003CAE1-6EC6-4E27-AFD2-9604954DCB1E}.Release|Any CPU.ActiveCfg = Release|Any CPU
		{F003CAE1-6EC6-4E27-AFD2-9604954DCB1E}.Release|Any CPU.Build.0 = Release|Any CPU
		{F003CAE1-6EC6-4E27-AFD2-9604954DCB1E}.Release|ARM.ActiveCfg = Release|Any CPU
		{F003CAE1-6EC6-4E27-AFD2-9604954DCB1E}.Release|ARM.Build.0 = Release|Any CPU
		{F003CAE1-6EC6-4E27-AFD2-9604954DCB1E}.Release|x64.ActiveCfg = Release|Any CPU
		{F003CAE1-6EC6-4E27-AFD2-9604954DCB1E}.Release|x64.Build.0 = Release|Any CPU
		{F003CAE1-6EC6-4E27-AFD2-9604954DCB1E}.Release|x86.ActiveCfg = Release|Any CPU
		{F003CAE1-6EC6-4E27-AFD2-9604954DCB1E}.Release|x86.Build.0 = Release|Any CPU
		{581BC1BD-D906-4D2B-8583-B4F7078DE436}.Debug|Any CPU.ActiveCfg = Debug|Any CPU
		{581BC1BD-D906-4D2B-8583-B4F7078DE436}.Debug|Any CPU.Build.0 = Debug|Any CPU
		{581BC1BD-D906-4D2B-8583-B4F7078DE436}.Debug|ARM.ActiveCfg = Debug|Any CPU
		{581BC1BD-D906-4D2B-8583-B4F7078DE436}.Debug|ARM.Build.0 = Debug|Any CPU
		{581BC1BD-D906-4D2B-8583-B4F7078DE436}.Debug|x64.ActiveCfg = Debug|Any CPU
		{581BC1BD-D906-4D2B-8583-B4F7078DE436}.Debug|x64.Build.0 = Debug|Any CPU
		{581BC1BD-D906-4D2B-8583-B4F7078DE436}.Debug|x86.ActiveCfg = Debug|Any CPU
		{581BC1BD-D906-4D2B-8583-B4F7078DE436}.Debug|x86.Build.0 = Debug|Any CPU
		{581BC1BD-D906-4D2B-8583-B4F7078DE436}.Release|Any CPU.ActiveCfg = Release|Any CPU
		{581BC1BD-D906-4D2B-8583-B4F7078DE436}.Release|Any CPU.Build.0 = Release|Any CPU
		{581BC1BD-D906-4D2B-8583-B4F7078DE436}.Release|ARM.ActiveCfg = Release|Any CPU
		{581BC1BD-D906-4D2B-8583-B4F7078DE436}.Release|ARM.Build.0 = Release|Any CPU
		{581BC1BD-D906-4D2B-8583-B4F7078DE436}.Release|x64.ActiveCfg = Release|Any CPU
		{581BC1BD-D906-4D2B-8583-B4F7078DE436}.Release|x64.Build.0 = Release|Any CPU
		{581BC1BD-D906-4D2B-8583-B4F7078DE436}.Release|x86.ActiveCfg = Release|Any CPU
		{581BC1BD-D906-4D2B-8583-B4F7078DE436}.Release|x86.Build.0 = Release|Any CPU
		{2FCC3163-EB56-43D4-8DE8-30B90082023C}.Debug|Any CPU.ActiveCfg = Debug|Any CPU
		{2FCC3163-EB56-43D4-8DE8-30B90082023C}.Debug|Any CPU.Build.0 = Debug|Any CPU
		{2FCC3163-EB56-43D4-8DE8-30B90082023C}.Debug|ARM.ActiveCfg = Debug|Any CPU
		{2FCC3163-EB56-43D4-8DE8-30B90082023C}.Debug|ARM.Build.0 = Debug|Any CPU
		{2FCC3163-EB56-43D4-8DE8-30B90082023C}.Debug|x64.ActiveCfg = Debug|Any CPU
		{2FCC3163-EB56-43D4-8DE8-30B90082023C}.Debug|x64.Build.0 = Debug|Any CPU
		{2FCC3163-EB56-43D4-8DE8-30B90082023C}.Debug|x86.ActiveCfg = Debug|Any CPU
		{2FCC3163-EB56-43D4-8DE8-30B90082023C}.Debug|x86.Build.0 = Debug|Any CPU
		{2FCC3163-EB56-43D4-8DE8-30B90082023C}.Release|Any CPU.ActiveCfg = Release|Any CPU
		{2FCC3163-EB56-43D4-8DE8-30B90082023C}.Release|Any CPU.Build.0 = Release|Any CPU
		{2FCC3163-EB56-43D4-8DE8-30B90082023C}.Release|ARM.ActiveCfg = Release|Any CPU
		{2FCC3163-EB56-43D4-8DE8-30B90082023C}.Release|ARM.Build.0 = Release|Any CPU
		{2FCC3163-EB56-43D4-8DE8-30B90082023C}.Release|x64.ActiveCfg = Release|Any CPU
		{2FCC3163-EB56-43D4-8DE8-30B90082023C}.Release|x64.Build.0 = Release|Any CPU
		{2FCC3163-EB56-43D4-8DE8-30B90082023C}.Release|x86.ActiveCfg = Release|Any CPU
		{2FCC3163-EB56-43D4-8DE8-30B90082023C}.Release|x86.Build.0 = Release|Any CPU
		{12B721CD-4A7E-44F1-840F-3512AF793230}.Debug|Any CPU.ActiveCfg = Debug|Any CPU
		{12B721CD-4A7E-44F1-840F-3512AF793230}.Debug|Any CPU.Build.0 = Debug|Any CPU
		{12B721CD-4A7E-44F1-840F-3512AF793230}.Debug|ARM.ActiveCfg = Debug|Any CPU
		{12B721CD-4A7E-44F1-840F-3512AF793230}.Debug|ARM.Build.0 = Debug|Any CPU
		{12B721CD-4A7E-44F1-840F-3512AF793230}.Debug|x64.ActiveCfg = Debug|Any CPU
		{12B721CD-4A7E-44F1-840F-3512AF793230}.Debug|x64.Build.0 = Debug|Any CPU
		{12B721CD-4A7E-44F1-840F-3512AF793230}.Debug|x86.ActiveCfg = Debug|Any CPU
		{12B721CD-4A7E-44F1-840F-3512AF793230}.Debug|x86.Build.0 = Debug|Any CPU
		{12B721CD-4A7E-44F1-840F-3512AF793230}.Release|Any CPU.ActiveCfg = Release|Any CPU
		{12B721CD-4A7E-44F1-840F-3512AF793230}.Release|Any CPU.Build.0 = Release|Any CPU
		{12B721CD-4A7E-44F1-840F-3512AF793230}.Release|ARM.ActiveCfg = Release|Any CPU
		{12B721CD-4A7E-44F1-840F-3512AF793230}.Release|ARM.Build.0 = Release|Any CPU
		{12B721CD-4A7E-44F1-840F-3512AF793230}.Release|x64.ActiveCfg = Release|Any CPU
		{12B721CD-4A7E-44F1-840F-3512AF793230}.Release|x64.Build.0 = Release|Any CPU
		{12B721CD-4A7E-44F1-840F-3512AF793230}.Release|x86.ActiveCfg = Release|Any CPU
		{12B721CD-4A7E-44F1-840F-3512AF793230}.Release|x86.Build.0 = Release|Any CPU
		{B85AD30B-89E1-4110-9157-615C6F6BEE73}.Debug|Any CPU.ActiveCfg = Debug|Any CPU
		{B85AD30B-89E1-4110-9157-615C6F6BEE73}.Debug|Any CPU.Build.0 = Debug|Any CPU
		{B85AD30B-89E1-4110-9157-615C6F6BEE73}.Debug|ARM.ActiveCfg = Debug|Any CPU
		{B85AD30B-89E1-4110-9157-615C6F6BEE73}.Debug|ARM.Build.0 = Debug|Any CPU
		{B85AD30B-89E1-4110-9157-615C6F6BEE73}.Debug|x64.ActiveCfg = Debug|Any CPU
		{B85AD30B-89E1-4110-9157-615C6F6BEE73}.Debug|x64.Build.0 = Debug|Any CPU
		{B85AD30B-89E1-4110-9157-615C6F6BEE73}.Debug|x86.ActiveCfg = Debug|Any CPU
		{B85AD30B-89E1-4110-9157-615C6F6BEE73}.Debug|x86.Build.0 = Debug|Any CPU
		{B85AD30B-89E1-4110-9157-615C6F6BEE73}.Release|Any CPU.ActiveCfg = Release|Any CPU
		{B85AD30B-89E1-4110-9157-615C6F6BEE73}.Release|Any CPU.Build.0 = Release|Any CPU
		{B85AD30B-89E1-4110-9157-615C6F6BEE73}.Release|ARM.ActiveCfg = Release|Any CPU
		{B85AD30B-89E1-4110-9157-615C6F6BEE73}.Release|ARM.Build.0 = Release|Any CPU
		{B85AD30B-89E1-4110-9157-615C6F6BEE73}.Release|x64.ActiveCfg = Release|Any CPU
		{B85AD30B-89E1-4110-9157-615C6F6BEE73}.Release|x64.Build.0 = Release|Any CPU
		{B85AD30B-89E1-4110-9157-615C6F6BEE73}.Release|x86.ActiveCfg = Release|Any CPU
		{B85AD30B-89E1-4110-9157-615C6F6BEE73}.Release|x86.Build.0 = Release|Any CPU
		{66040B9A-F360-4DBD-97DE-365F463FB2DD}.Debug|Any CPU.ActiveCfg = Debug|Any CPU
		{66040B9A-F360-4DBD-97DE-365F463FB2DD}.Debug|Any CPU.Build.0 = Debug|Any CPU
		{66040B9A-F360-4DBD-97DE-365F463FB2DD}.Debug|ARM.ActiveCfg = Debug|Any CPU
		{66040B9A-F360-4DBD-97DE-365F463FB2DD}.Debug|ARM.Build.0 = Debug|Any CPU
		{66040B9A-F360-4DBD-97DE-365F463FB2DD}.Debug|x64.ActiveCfg = Debug|Any CPU
		{66040B9A-F360-4DBD-97DE-365F463FB2DD}.Debug|x64.Build.0 = Debug|Any CPU
		{66040B9A-F360-4DBD-97DE-365F463FB2DD}.Debug|x86.ActiveCfg = Debug|Any CPU
		{66040B9A-F360-4DBD-97DE-365F463FB2DD}.Debug|x86.Build.0 = Debug|Any CPU
		{66040B9A-F360-4DBD-97DE-365F463FB2DD}.Release|Any CPU.ActiveCfg = Release|Any CPU
		{66040B9A-F360-4DBD-97DE-365F463FB2DD}.Release|Any CPU.Build.0 = Release|Any CPU
		{66040B9A-F360-4DBD-97DE-365F463FB2DD}.Release|ARM.ActiveCfg = Release|Any CPU
		{66040B9A-F360-4DBD-97DE-365F463FB2DD}.Release|ARM.Build.0 = Release|Any CPU
		{66040B9A-F360-4DBD-97DE-365F463FB2DD}.Release|x64.ActiveCfg = Release|Any CPU
		{66040B9A-F360-4DBD-97DE-365F463FB2DD}.Release|x64.Build.0 = Release|Any CPU
		{66040B9A-F360-4DBD-97DE-365F463FB2DD}.Release|x86.ActiveCfg = Release|Any CPU
		{66040B9A-F360-4DBD-97DE-365F463FB2DD}.Release|x86.Build.0 = Release|Any CPU
		{2320E611-9855-4B7E-B996-C9C8CEED069D}.Debug|Any CPU.ActiveCfg = Debug|Any CPU
		{2320E611-9855-4B7E-B996-C9C8CEED069D}.Debug|Any CPU.Build.0 = Debug|Any CPU
		{2320E611-9855-4B7E-B996-C9C8CEED069D}.Debug|ARM.ActiveCfg = Debug|Any CPU
		{2320E611-9855-4B7E-B996-C9C8CEED069D}.Debug|ARM.Build.0 = Debug|Any CPU
		{2320E611-9855-4B7E-B996-C9C8CEED069D}.Debug|x64.ActiveCfg = Debug|Any CPU
		{2320E611-9855-4B7E-B996-C9C8CEED069D}.Debug|x64.Build.0 = Debug|Any CPU
		{2320E611-9855-4B7E-B996-C9C8CEED069D}.Debug|x86.ActiveCfg = Debug|Any CPU
		{2320E611-9855-4B7E-B996-C9C8CEED069D}.Debug|x86.Build.0 = Debug|Any CPU
		{2320E611-9855-4B7E-B996-C9C8CEED069D}.Release|Any CPU.ActiveCfg = Release|Any CPU
		{2320E611-9855-4B7E-B996-C9C8CEED069D}.Release|Any CPU.Build.0 = Release|Any CPU
		{2320E611-9855-4B7E-B996-C9C8CEED069D}.Release|ARM.ActiveCfg = Release|Any CPU
		{2320E611-9855-4B7E-B996-C9C8CEED069D}.Release|ARM.Build.0 = Release|Any CPU
		{2320E611-9855-4B7E-B996-C9C8CEED069D}.Release|x64.ActiveCfg = Release|Any CPU
		{2320E611-9855-4B7E-B996-C9C8CEED069D}.Release|x64.Build.0 = Release|Any CPU
		{2320E611-9855-4B7E-B996-C9C8CEED069D}.Release|x86.ActiveCfg = Release|Any CPU
		{2320E611-9855-4B7E-B996-C9C8CEED069D}.Release|x86.Build.0 = Release|Any CPU
		{DBCC989E-FD12-4E2F-A320-84372475F2DF}.Debug|Any CPU.ActiveCfg = Debug|Any CPU
		{DBCC989E-FD12-4E2F-A320-84372475F2DF}.Debug|Any CPU.Build.0 = Debug|Any CPU
		{DBCC989E-FD12-4E2F-A320-84372475F2DF}.Debug|ARM.ActiveCfg = Debug|Any CPU
		{DBCC989E-FD12-4E2F-A320-84372475F2DF}.Debug|ARM.Build.0 = Debug|Any CPU
		{DBCC989E-FD12-4E2F-A320-84372475F2DF}.Debug|x64.ActiveCfg = Debug|Any CPU
		{DBCC989E-FD12-4E2F-A320-84372475F2DF}.Debug|x64.Build.0 = Debug|Any CPU
		{DBCC989E-FD12-4E2F-A320-84372475F2DF}.Debug|x86.ActiveCfg = Debug|Any CPU
		{DBCC989E-FD12-4E2F-A320-84372475F2DF}.Debug|x86.Build.0 = Debug|Any CPU
		{DBCC989E-FD12-4E2F-A320-84372475F2DF}.Release|Any CPU.ActiveCfg = Release|Any CPU
		{DBCC989E-FD12-4E2F-A320-84372475F2DF}.Release|Any CPU.Build.0 = Release|Any CPU
		{DBCC989E-FD12-4E2F-A320-84372475F2DF}.Release|ARM.ActiveCfg = Release|Any CPU
		{DBCC989E-FD12-4E2F-A320-84372475F2DF}.Release|ARM.Build.0 = Release|Any CPU
		{DBCC989E-FD12-4E2F-A320-84372475F2DF}.Release|x64.ActiveCfg = Release|Any CPU
		{DBCC989E-FD12-4E2F-A320-84372475F2DF}.Release|x64.Build.0 = Release|Any CPU
		{DBCC989E-FD12-4E2F-A320-84372475F2DF}.Release|x86.ActiveCfg = Release|Any CPU
		{DBCC989E-FD12-4E2F-A320-84372475F2DF}.Release|x86.Build.0 = Release|Any CPU
		{0C870753-60C9-493E-B858-745FB074942A}.Debug|Any CPU.ActiveCfg = Debug|Any CPU
		{0C870753-60C9-493E-B858-745FB074942A}.Debug|Any CPU.Build.0 = Debug|Any CPU
		{0C870753-60C9-493E-B858-745FB074942A}.Debug|ARM.ActiveCfg = Debug|Any CPU
		{0C870753-60C9-493E-B858-745FB074942A}.Debug|ARM.Build.0 = Debug|Any CPU
		{0C870753-60C9-493E-B858-745FB074942A}.Debug|x64.ActiveCfg = Debug|Any CPU
		{0C870753-60C9-493E-B858-745FB074942A}.Debug|x64.Build.0 = Debug|Any CPU
		{0C870753-60C9-493E-B858-745FB074942A}.Debug|x86.ActiveCfg = Debug|Any CPU
		{0C870753-60C9-493E-B858-745FB074942A}.Debug|x86.Build.0 = Debug|Any CPU
		{0C870753-60C9-493E-B858-745FB074942A}.Release|Any CPU.ActiveCfg = Release|Any CPU
		{0C870753-60C9-493E-B858-745FB074942A}.Release|Any CPU.Build.0 = Release|Any CPU
		{0C870753-60C9-493E-B858-745FB074942A}.Release|ARM.ActiveCfg = Release|Any CPU
		{0C870753-60C9-493E-B858-745FB074942A}.Release|ARM.Build.0 = Release|Any CPU
		{0C870753-60C9-493E-B858-745FB074942A}.Release|x64.ActiveCfg = Release|Any CPU
		{0C870753-60C9-493E-B858-745FB074942A}.Release|x64.Build.0 = Release|Any CPU
		{0C870753-60C9-493E-B858-745FB074942A}.Release|x86.ActiveCfg = Release|Any CPU
		{0C870753-60C9-493E-B858-745FB074942A}.Release|x86.Build.0 = Release|Any CPU
		{EA597267-5F4E-427E-87D1-4FF80A2F48A8}.Debug|Any CPU.ActiveCfg = Debug|Any CPU
		{EA597267-5F4E-427E-87D1-4FF80A2F48A8}.Debug|Any CPU.Build.0 = Debug|Any CPU
		{EA597267-5F4E-427E-87D1-4FF80A2F48A8}.Debug|ARM.ActiveCfg = Debug|Any CPU
		{EA597267-5F4E-427E-87D1-4FF80A2F48A8}.Debug|ARM.Build.0 = Debug|Any CPU
		{EA597267-5F4E-427E-87D1-4FF80A2F48A8}.Debug|x64.ActiveCfg = Debug|Any CPU
		{EA597267-5F4E-427E-87D1-4FF80A2F48A8}.Debug|x64.Build.0 = Debug|Any CPU
		{EA597267-5F4E-427E-87D1-4FF80A2F48A8}.Debug|x86.ActiveCfg = Debug|Any CPU
		{EA597267-5F4E-427E-87D1-4FF80A2F48A8}.Debug|x86.Build.0 = Debug|Any CPU
		{EA597267-5F4E-427E-87D1-4FF80A2F48A8}.Release|Any CPU.ActiveCfg = Release|Any CPU
		{EA597267-5F4E-427E-87D1-4FF80A2F48A8}.Release|Any CPU.Build.0 = Release|Any CPU
		{EA597267-5F4E-427E-87D1-4FF80A2F48A8}.Release|ARM.ActiveCfg = Release|Any CPU
		{EA597267-5F4E-427E-87D1-4FF80A2F48A8}.Release|ARM.Build.0 = Release|Any CPU
		{EA597267-5F4E-427E-87D1-4FF80A2F48A8}.Release|x64.ActiveCfg = Release|Any CPU
		{EA597267-5F4E-427E-87D1-4FF80A2F48A8}.Release|x64.Build.0 = Release|Any CPU
		{EA597267-5F4E-427E-87D1-4FF80A2F48A8}.Release|x86.ActiveCfg = Release|Any CPU
		{EA597267-5F4E-427E-87D1-4FF80A2F48A8}.Release|x86.Build.0 = Release|Any CPU
		{56DB2940-7BBB-4B10-84FD-A78A6EE9C8C7}.Debug|Any CPU.ActiveCfg = Debug|Any CPU
		{56DB2940-7BBB-4B10-84FD-A78A6EE9C8C7}.Debug|Any CPU.Build.0 = Debug|Any CPU
		{56DB2940-7BBB-4B10-84FD-A78A6EE9C8C7}.Debug|ARM.ActiveCfg = Debug|Any CPU
		{56DB2940-7BBB-4B10-84FD-A78A6EE9C8C7}.Debug|ARM.Build.0 = Debug|Any CPU
		{56DB2940-7BBB-4B10-84FD-A78A6EE9C8C7}.Debug|x64.ActiveCfg = Debug|Any CPU
		{56DB2940-7BBB-4B10-84FD-A78A6EE9C8C7}.Debug|x64.Build.0 = Debug|Any CPU
		{56DB2940-7BBB-4B10-84FD-A78A6EE9C8C7}.Debug|x86.ActiveCfg = Debug|Any CPU
		{56DB2940-7BBB-4B10-84FD-A78A6EE9C8C7}.Debug|x86.Build.0 = Debug|Any CPU
		{56DB2940-7BBB-4B10-84FD-A78A6EE9C8C7}.Release|Any CPU.ActiveCfg = Release|Any CPU
		{56DB2940-7BBB-4B10-84FD-A78A6EE9C8C7}.Release|Any CPU.Build.0 = Release|Any CPU
		{56DB2940-7BBB-4B10-84FD-A78A6EE9C8C7}.Release|ARM.ActiveCfg = Release|Any CPU
		{56DB2940-7BBB-4B10-84FD-A78A6EE9C8C7}.Release|ARM.Build.0 = Release|Any CPU
		{56DB2940-7BBB-4B10-84FD-A78A6EE9C8C7}.Release|x64.ActiveCfg = Release|Any CPU
		{56DB2940-7BBB-4B10-84FD-A78A6EE9C8C7}.Release|x64.Build.0 = Release|Any CPU
		{56DB2940-7BBB-4B10-84FD-A78A6EE9C8C7}.Release|x86.ActiveCfg = Release|Any CPU
		{56DB2940-7BBB-4B10-84FD-A78A6EE9C8C7}.Release|x86.Build.0 = Release|Any CPU
		{9B836CA6-1DCC-4476-96FF-D4EB04D9D463}.Debug|Any CPU.ActiveCfg = Debug|Any CPU
		{9B836CA6-1DCC-4476-96FF-D4EB04D9D463}.Debug|Any CPU.Build.0 = Debug|Any CPU
		{9B836CA6-1DCC-4476-96FF-D4EB04D9D463}.Debug|ARM.ActiveCfg = Debug|Any CPU
		{9B836CA6-1DCC-4476-96FF-D4EB04D9D463}.Debug|ARM.Build.0 = Debug|Any CPU
		{9B836CA6-1DCC-4476-96FF-D4EB04D9D463}.Debug|x64.ActiveCfg = Debug|Any CPU
		{9B836CA6-1DCC-4476-96FF-D4EB04D9D463}.Debug|x64.Build.0 = Debug|Any CPU
		{9B836CA6-1DCC-4476-96FF-D4EB04D9D463}.Debug|x86.ActiveCfg = Debug|Any CPU
		{9B836CA6-1DCC-4476-96FF-D4EB04D9D463}.Debug|x86.Build.0 = Debug|Any CPU
		{9B836CA6-1DCC-4476-96FF-D4EB04D9D463}.Release|Any CPU.ActiveCfg = Release|Any CPU
		{9B836CA6-1DCC-4476-96FF-D4EB04D9D463}.Release|Any CPU.Build.0 = Release|Any CPU
		{9B836CA6-1DCC-4476-96FF-D4EB04D9D463}.Release|ARM.ActiveCfg = Release|Any CPU
		{9B836CA6-1DCC-4476-96FF-D4EB04D9D463}.Release|ARM.Build.0 = Release|Any CPU
		{9B836CA6-1DCC-4476-96FF-D4EB04D9D463}.Release|x64.ActiveCfg = Release|Any CPU
		{9B836CA6-1DCC-4476-96FF-D4EB04D9D463}.Release|x64.Build.0 = Release|Any CPU
		{9B836CA6-1DCC-4476-96FF-D4EB04D9D463}.Release|x86.ActiveCfg = Release|Any CPU
		{9B836CA6-1DCC-4476-96FF-D4EB04D9D463}.Release|x86.Build.0 = Release|Any CPU
		{8C6CF8E4-1A5A-4AC3-8B61-9B4D5B361BF5}.Debug|Any CPU.ActiveCfg = Debug|Any CPU
		{8C6CF8E4-1A5A-4AC3-8B61-9B4D5B361BF5}.Debug|Any CPU.Build.0 = Debug|Any CPU
		{8C6CF8E4-1A5A-4AC3-8B61-9B4D5B361BF5}.Debug|ARM.ActiveCfg = Debug|Any CPU
		{8C6CF8E4-1A5A-4AC3-8B61-9B4D5B361BF5}.Debug|ARM.Build.0 = Debug|Any CPU
		{8C6CF8E4-1A5A-4AC3-8B61-9B4D5B361BF5}.Debug|x64.ActiveCfg = Debug|Any CPU
		{8C6CF8E4-1A5A-4AC3-8B61-9B4D5B361BF5}.Debug|x64.Build.0 = Debug|Any CPU
		{8C6CF8E4-1A5A-4AC3-8B61-9B4D5B361BF5}.Debug|x86.ActiveCfg = Debug|Any CPU
		{8C6CF8E4-1A5A-4AC3-8B61-9B4D5B361BF5}.Debug|x86.Build.0 = Debug|Any CPU
		{8C6CF8E4-1A5A-4AC3-8B61-9B4D5B361BF5}.Release|Any CPU.ActiveCfg = Release|Any CPU
		{8C6CF8E4-1A5A-4AC3-8B61-9B4D5B361BF5}.Release|Any CPU.Build.0 = Release|Any CPU
		{8C6CF8E4-1A5A-4AC3-8B61-9B4D5B361BF5}.Release|ARM.ActiveCfg = Release|Any CPU
		{8C6CF8E4-1A5A-4AC3-8B61-9B4D5B361BF5}.Release|ARM.Build.0 = Release|Any CPU
		{8C6CF8E4-1A5A-4AC3-8B61-9B4D5B361BF5}.Release|x64.ActiveCfg = Release|Any CPU
		{8C6CF8E4-1A5A-4AC3-8B61-9B4D5B361BF5}.Release|x64.Build.0 = Release|Any CPU
		{8C6CF8E4-1A5A-4AC3-8B61-9B4D5B361BF5}.Release|x86.ActiveCfg = Release|Any CPU
		{8C6CF8E4-1A5A-4AC3-8B61-9B4D5B361BF5}.Release|x86.Build.0 = Release|Any CPU
		{DF36157A-0ADE-46A7-93A5-31A0638B0E13}.Debug|Any CPU.ActiveCfg = Debug|Any CPU
		{DF36157A-0ADE-46A7-93A5-31A0638B0E13}.Debug|Any CPU.Build.0 = Debug|Any CPU
		{DF36157A-0ADE-46A7-93A5-31A0638B0E13}.Debug|ARM.ActiveCfg = Debug|Any CPU
		{DF36157A-0ADE-46A7-93A5-31A0638B0E13}.Debug|ARM.Build.0 = Debug|Any CPU
		{DF36157A-0ADE-46A7-93A5-31A0638B0E13}.Debug|x64.ActiveCfg = Debug|Any CPU
		{DF36157A-0ADE-46A7-93A5-31A0638B0E13}.Debug|x64.Build.0 = Debug|Any CPU
		{DF36157A-0ADE-46A7-93A5-31A0638B0E13}.Debug|x86.ActiveCfg = Debug|Any CPU
		{DF36157A-0ADE-46A7-93A5-31A0638B0E13}.Debug|x86.Build.0 = Debug|Any CPU
		{DF36157A-0ADE-46A7-93A5-31A0638B0E13}.Release|Any CPU.ActiveCfg = Release|Any CPU
		{DF36157A-0ADE-46A7-93A5-31A0638B0E13}.Release|Any CPU.Build.0 = Release|Any CPU
		{DF36157A-0ADE-46A7-93A5-31A0638B0E13}.Release|ARM.ActiveCfg = Release|Any CPU
		{DF36157A-0ADE-46A7-93A5-31A0638B0E13}.Release|ARM.Build.0 = Release|Any CPU
		{DF36157A-0ADE-46A7-93A5-31A0638B0E13}.Release|x64.ActiveCfg = Release|Any CPU
		{DF36157A-0ADE-46A7-93A5-31A0638B0E13}.Release|x64.Build.0 = Release|Any CPU
		{DF36157A-0ADE-46A7-93A5-31A0638B0E13}.Release|x86.ActiveCfg = Release|Any CPU
		{DF36157A-0ADE-46A7-93A5-31A0638B0E13}.Release|x86.Build.0 = Release|Any CPU
		{7DD4F8A0-4BB7-4083-BA8B-86A81AE32072}.Debug|Any CPU.ActiveCfg = Debug|Any CPU
		{7DD4F8A0-4BB7-4083-BA8B-86A81AE32072}.Debug|Any CPU.Build.0 = Debug|Any CPU
		{7DD4F8A0-4BB7-4083-BA8B-86A81AE32072}.Debug|ARM.ActiveCfg = Debug|Any CPU
		{7DD4F8A0-4BB7-4083-BA8B-86A81AE32072}.Debug|ARM.Build.0 = Debug|Any CPU
		{7DD4F8A0-4BB7-4083-BA8B-86A81AE32072}.Debug|x64.ActiveCfg = Debug|Any CPU
		{7DD4F8A0-4BB7-4083-BA8B-86A81AE32072}.Debug|x64.Build.0 = Debug|Any CPU
		{7DD4F8A0-4BB7-4083-BA8B-86A81AE32072}.Debug|x86.ActiveCfg = Debug|Any CPU
		{7DD4F8A0-4BB7-4083-BA8B-86A81AE32072}.Debug|x86.Build.0 = Debug|Any CPU
		{7DD4F8A0-4BB7-4083-BA8B-86A81AE32072}.Release|Any CPU.ActiveCfg = Release|Any CPU
		{7DD4F8A0-4BB7-4083-BA8B-86A81AE32072}.Release|Any CPU.Build.0 = Release|Any CPU
		{7DD4F8A0-4BB7-4083-BA8B-86A81AE32072}.Release|ARM.ActiveCfg = Release|Any CPU
		{7DD4F8A0-4BB7-4083-BA8B-86A81AE32072}.Release|ARM.Build.0 = Release|Any CPU
		{7DD4F8A0-4BB7-4083-BA8B-86A81AE32072}.Release|x64.ActiveCfg = Release|Any CPU
		{7DD4F8A0-4BB7-4083-BA8B-86A81AE32072}.Release|x64.Build.0 = Release|Any CPU
		{7DD4F8A0-4BB7-4083-BA8B-86A81AE32072}.Release|x86.ActiveCfg = Release|Any CPU
		{7DD4F8A0-4BB7-4083-BA8B-86A81AE32072}.Release|x86.Build.0 = Release|Any CPU
		{8EEBFFF0-E974-46C9-9E3D-0547AA7ACF95}.Debug|Any CPU.ActiveCfg = Debug|Any CPU
		{8EEBFFF0-E974-46C9-9E3D-0547AA7ACF95}.Debug|Any CPU.Build.0 = Debug|Any CPU
		{8EEBFFF0-E974-46C9-9E3D-0547AA7ACF95}.Debug|ARM.ActiveCfg = Debug|Any CPU
		{8EEBFFF0-E974-46C9-9E3D-0547AA7ACF95}.Debug|ARM.Build.0 = Debug|Any CPU
		{8EEBFFF0-E974-46C9-9E3D-0547AA7ACF95}.Debug|x64.ActiveCfg = Debug|Any CPU
		{8EEBFFF0-E974-46C9-9E3D-0547AA7ACF95}.Debug|x64.Build.0 = Debug|Any CPU
		{8EEBFFF0-E974-46C9-9E3D-0547AA7ACF95}.Debug|x86.ActiveCfg = Debug|Any CPU
		{8EEBFFF0-E974-46C9-9E3D-0547AA7ACF95}.Debug|x86.Build.0 = Debug|Any CPU
		{8EEBFFF0-E974-46C9-9E3D-0547AA7ACF95}.Release|Any CPU.ActiveCfg = Release|Any CPU
		{8EEBFFF0-E974-46C9-9E3D-0547AA7ACF95}.Release|Any CPU.Build.0 = Release|Any CPU
		{8EEBFFF0-E974-46C9-9E3D-0547AA7ACF95}.Release|ARM.ActiveCfg = Release|Any CPU
		{8EEBFFF0-E974-46C9-9E3D-0547AA7ACF95}.Release|ARM.Build.0 = Release|Any CPU
		{8EEBFFF0-E974-46C9-9E3D-0547AA7ACF95}.Release|x64.ActiveCfg = Release|Any CPU
		{8EEBFFF0-E974-46C9-9E3D-0547AA7ACF95}.Release|x64.Build.0 = Release|Any CPU
		{8EEBFFF0-E974-46C9-9E3D-0547AA7ACF95}.Release|x86.ActiveCfg = Release|Any CPU
		{8EEBFFF0-E974-46C9-9E3D-0547AA7ACF95}.Release|x86.Build.0 = Release|Any CPU
		{1D8FD321-CB6C-4870-A0A7-1D432BACFA70}.Debug|Any CPU.ActiveCfg = Debug|Any CPU
		{1D8FD321-CB6C-4870-A0A7-1D432BACFA70}.Debug|Any CPU.Build.0 = Debug|Any CPU
		{1D8FD321-CB6C-4870-A0A7-1D432BACFA70}.Debug|ARM.ActiveCfg = Debug|Any CPU
		{1D8FD321-CB6C-4870-A0A7-1D432BACFA70}.Debug|ARM.Build.0 = Debug|Any CPU
		{1D8FD321-CB6C-4870-A0A7-1D432BACFA70}.Debug|x64.ActiveCfg = Debug|Any CPU
		{1D8FD321-CB6C-4870-A0A7-1D432BACFA70}.Debug|x64.Build.0 = Debug|Any CPU
		{1D8FD321-CB6C-4870-A0A7-1D432BACFA70}.Debug|x86.ActiveCfg = Debug|Any CPU
		{1D8FD321-CB6C-4870-A0A7-1D432BACFA70}.Debug|x86.Build.0 = Debug|Any CPU
		{1D8FD321-CB6C-4870-A0A7-1D432BACFA70}.Release|Any CPU.ActiveCfg = Release|Any CPU
		{1D8FD321-CB6C-4870-A0A7-1D432BACFA70}.Release|Any CPU.Build.0 = Release|Any CPU
		{1D8FD321-CB6C-4870-A0A7-1D432BACFA70}.Release|ARM.ActiveCfg = Release|Any CPU
		{1D8FD321-CB6C-4870-A0A7-1D432BACFA70}.Release|ARM.Build.0 = Release|Any CPU
		{1D8FD321-CB6C-4870-A0A7-1D432BACFA70}.Release|x64.ActiveCfg = Release|Any CPU
		{1D8FD321-CB6C-4870-A0A7-1D432BACFA70}.Release|x64.Build.0 = Release|Any CPU
		{1D8FD321-CB6C-4870-A0A7-1D432BACFA70}.Release|x86.ActiveCfg = Release|Any CPU
		{1D8FD321-CB6C-4870-A0A7-1D432BACFA70}.Release|x86.Build.0 = Release|Any CPU
		{EEB440D9-286D-4E2A-B339-6F8EAF094BBD}.Debug|Any CPU.ActiveCfg = Debug|Any CPU
		{EEB440D9-286D-4E2A-B339-6F8EAF094BBD}.Debug|Any CPU.Build.0 = Debug|Any CPU
		{EEB440D9-286D-4E2A-B339-6F8EAF094BBD}.Debug|ARM.ActiveCfg = Debug|Any CPU
		{EEB440D9-286D-4E2A-B339-6F8EAF094BBD}.Debug|ARM.Build.0 = Debug|Any CPU
		{EEB440D9-286D-4E2A-B339-6F8EAF094BBD}.Debug|x64.ActiveCfg = Debug|Any CPU
		{EEB440D9-286D-4E2A-B339-6F8EAF094BBD}.Debug|x64.Build.0 = Debug|Any CPU
		{EEB440D9-286D-4E2A-B339-6F8EAF094BBD}.Debug|x86.ActiveCfg = Debug|Any CPU
		{EEB440D9-286D-4E2A-B339-6F8EAF094BBD}.Debug|x86.Build.0 = Debug|Any CPU
		{EEB440D9-286D-4E2A-B339-6F8EAF094BBD}.Release|Any CPU.ActiveCfg = Release|Any CPU
		{EEB440D9-286D-4E2A-B339-6F8EAF094BBD}.Release|Any CPU.Build.0 = Release|Any CPU
		{EEB440D9-286D-4E2A-B339-6F8EAF094BBD}.Release|ARM.ActiveCfg = Release|Any CPU
		{EEB440D9-286D-4E2A-B339-6F8EAF094BBD}.Release|ARM.Build.0 = Release|Any CPU
		{EEB440D9-286D-4E2A-B339-6F8EAF094BBD}.Release|x64.ActiveCfg = Release|Any CPU
		{EEB440D9-286D-4E2A-B339-6F8EAF094BBD}.Release|x64.Build.0 = Release|Any CPU
		{EEB440D9-286D-4E2A-B339-6F8EAF094BBD}.Release|x86.ActiveCfg = Release|Any CPU
		{EEB440D9-286D-4E2A-B339-6F8EAF094BBD}.Release|x86.Build.0 = Release|Any CPU
	EndGlobalSection
	GlobalSection(SolutionProperties) = preSolution
		HideSolutionNode = FALSE
	EndGlobalSection
	GlobalSection(NestedProjects) = preSolution
		{FBB88F54-10C1-4BFA-A722-42844AC78781} = {01CEAD1E-2018-4DA1-B878-9040031E7AE1}
		{01CEAD1E-2018-4DA1-B878-9040031E7AE1} = {1D6EC164-7C38-489A-85C3-8D339DDC3020}
		{A6F10A1E-3676-4865-98C7-32EF738B44B8} = {216CFA79-7927-438A-B474-6EE1825E65A8}
		{23E1DB9F-7E4D-4E5E-8F5A-67D2993151D6} = {1D6EC164-7C38-489A-85C3-8D339DDC3020}
		{B9AD5FDE-73E1-4C70-AE0B-EF7CB9A5B077} = {23E1DB9F-7E4D-4E5E-8F5A-67D2993151D6}
		{C6B6EA31-1C4D-4674-8385-EFCFA53B06FD} = {1D6EC164-7C38-489A-85C3-8D339DDC3020}
		{E463A6AB-8702-440F-98F3-652DBC279CB7} = {C6B6EA31-1C4D-4674-8385-EFCFA53B06FD}
		{7B07B52F-2121-4B7F-9669-29D86825C046} = {1D6EC164-7C38-489A-85C3-8D339DDC3020}
		{31DE622B-008E-4365-A998-36BFB1C62777} = {1D6EC164-7C38-489A-85C3-8D339DDC3020}
		{5A86163F-8434-4409-8790-8433E3C77CB0} = {216CFA79-7927-438A-B474-6EE1825E65A8}
		{DA978C09-9FDD-4B52-94D7-68F908F54A58} = {5A86163F-8434-4409-8790-8433E3C77CB0}
		{A18C4E15-B91F-4321-84E3-FF195C824AAA} = {1D6EC164-7C38-489A-85C3-8D339DDC3020}
		{0B9C8C9C-6A4E-4631-8EDE-D97EEE04815C} = {A18C4E15-B91F-4321-84E3-FF195C824AAA}
		{4D196715-754B-40F6-955B-B53C05379938} = {31DE622B-008E-4365-A998-36BFB1C62777}
		{59F8DC96-780F-4321-964B-DF436C25DD02} = {1D6EC164-7C38-489A-85C3-8D339DDC3020}
		{F8C084E5-E1F7-47CA-8F74-B3350051400F} = {216CFA79-7927-438A-B474-6EE1825E65A8}
		{AFD311E0-9C13-4BC1-8083-21911B34059A} = {59F8DC96-780F-4321-964B-DF436C25DD02}
		{02866799-0584-44A5-A04C-803CB03ACA8E} = {F8C084E5-E1F7-47CA-8F74-B3350051400F}
		{A7698823-7973-4799-BFE0-BDE6CAB611F3} = {1D6EC164-7C38-489A-85C3-8D339DDC3020}
		{4519424F-4E49-4C05-BEC0-DBFB31908E5A} = {216CFA79-7927-438A-B474-6EE1825E65A8}
		{0B91EF3F-077E-44F9-B93E-A29A3F04AD49} = {1D6EC164-7C38-489A-85C3-8D339DDC3020}
		{BD16A604-8A2A-4A17-8206-3FDF441DCA89} = {4519424F-4E49-4C05-BEC0-DBFB31908E5A}
		{BEC86378-9B5C-424F-9E2B-293F5011A67F} = {0B91EF3F-077E-44F9-B93E-A29A3F04AD49}
		{3C8A635C-CC60-4014-8DC3-231904D372B6} = {0B91EF3F-077E-44F9-B93E-A29A3F04AD49}
		{BE9221A9-A448-42B0-8D19-1416892134FF} = {51E3102B-64FC-46E8-8B92-9B7F090C1CCA}
		{A4DFFB82-B736-4EF3-8127-ACA85780A3E3} = {1D6EC164-7C38-489A-85C3-8D339DDC3020}
		{F003CAE1-6EC6-4E27-AFD2-9604954DCB1E} = {A4DFFB82-B736-4EF3-8127-ACA85780A3E3}
		{0A3F51ED-9BC4-4F04-88CA-31B25BE968A9} = {216CFA79-7927-438A-B474-6EE1825E65A8}
		{581BC1BD-D906-4D2B-8583-B4F7078DE436} = {0A3F51ED-9BC4-4F04-88CA-31B25BE968A9}
		{9FFA8780-1FE3-4B26-98D6-78133B3A84D4} = {1D6EC164-7C38-489A-85C3-8D339DDC3020}
		{12F520BB-16EE-43CD-89B5-0B676D4BA560} = {216CFA79-7927-438A-B474-6EE1825E65A8}
		{2FCC3163-EB56-43D4-8DE8-30B90082023C} = {12F520BB-16EE-43CD-89B5-0B676D4BA560}
		{12B721CD-4A7E-44F1-840F-3512AF793230} = {9FFA8780-1FE3-4B26-98D6-78133B3A84D4}
		{A4C080B4-8882-44ED-9EED-F76D20BA039F} = {1D6EC164-7C38-489A-85C3-8D339DDC3020}
		{B85AD30B-89E1-4110-9157-615C6F6BEE73} = {A4C080B4-8882-44ED-9EED-F76D20BA039F}
		{F627A1BA-E65E-42B4-AB55-A05A1F26F96F} = {216CFA79-7927-438A-B474-6EE1825E65A8}
		{66040B9A-F360-4DBD-97DE-365F463FB2DD} = {F627A1BA-E65E-42B4-AB55-A05A1F26F96F}
		{F16F1C00-BDB7-4B66-AB90-B65309DC6B28} = {1D6EC164-7C38-489A-85C3-8D339DDC3020}
		{2320E611-9855-4B7E-B996-C9C8CEED069D} = {F16F1C00-BDB7-4B66-AB90-B65309DC6B28}
		{F76CEB42-2F90-46B5-9695-AD7B0080D49A} = {216CFA79-7927-438A-B474-6EE1825E65A8}
		{DBCC989E-FD12-4E2F-A320-84372475F2DF} = {F76CEB42-2F90-46B5-9695-AD7B0080D49A}
		{FA1540A0-628A-4625-83D8-042F697B5B3B} = {216CFA79-7927-438A-B474-6EE1825E65A8}
		{0C870753-60C9-493E-B858-745FB074942A} = {FA1540A0-628A-4625-83D8-042F697B5B3B}
		{51E3102B-64FC-46E8-8B92-9B7F090C1CCA} = {216CFA79-7927-438A-B474-6EE1825E65A8}
		{EA597267-5F4E-427E-87D1-4FF80A2F48A8} = {A6F10A1E-3676-4865-98C7-32EF738B44B8}
		{56DB2940-7BBB-4B10-84FD-A78A6EE9C8C7} = {A7698823-7973-4799-BFE0-BDE6CAB611F3}
		{9B836CA6-1DCC-4476-96FF-D4EB04D9D463} = {0B91EF3F-077E-44F9-B93E-A29A3F04AD49}
		{8C6CF8E4-1A5A-4AC3-8B61-9B4D5B361BF5} = {51E3102B-64FC-46E8-8B92-9B7F090C1CCA}
		{DF36157A-0ADE-46A7-93A5-31A0638B0E13} = {51E3102B-64FC-46E8-8B92-9B7F090C1CCA}
		{7DD4F8A0-4BB7-4083-BA8B-86A81AE32072} = {7B07B52F-2121-4B7F-9669-29D86825C046}
		{8EEBFFF0-E974-46C9-9E3D-0547AA7ACF95} = {7B07B52F-2121-4B7F-9669-29D86825C046}
		{1D8FD321-CB6C-4870-A0A7-1D432BACFA70} = {7B07B52F-2121-4B7F-9669-29D86825C046}
		{EEB440D9-286D-4E2A-B339-6F8EAF094BBD} = {7B07B52F-2121-4B7F-9669-29D86825C046}
	EndGlobalSection
EndGlobal
